
Microsoft Visual Studio Solution File, Format Version 12.00
# Visual Studio Version 17
VisualStudioVersion = 17.9.34622.214
MinimumVisualStudioVersion = 10.0.40219.1
Project("{9A19103F-16F7-4668-BE54-9A1E7A4F7556}") = "eAgenda.WinApp", "eAgenda.WinApp\eAgenda.WinApp.csproj", "{49AABF59-6809-45CC-9B28-C60A26A17350}"
EndProject
Project("{2150E333-8FDC-42A3-9474-1A3956D46DE8}") = "1", "1", "{C6FC95E9-9A79-4F06-A72E-FC17A9A38196}"
EndProject
Project("{2150E333-8FDC-42A3-9474-1A3956D46DE8}") = "2", "2", "{C69314FC-47ED-42FF-9E0B-ECDA2EBB3ABE}"
EndProject
Project("{9A19103F-16F7-4668-BE54-9A1E7A4F7556}") = "eAgenda.Dominio", "eAgenda.Dominio\eAgenda.Dominio.csproj", "{6AF56113-9A01-407B-A75D-BC433958EABA}"
EndProject
Project("{2150E333-8FDC-42A3-9474-1A3956D46DE8}") = "3", "3", "{6678B92D-80A2-481C-A60B-4936672E6773}"
EndProject
Project("{9A19103F-16F7-4668-BE54-9A1E7A4F7556}") = "eAgenda.Infra.Arquivos", "eAgenda.Infra.Arquivos\eAgenda.Infra.Arquivos.csproj", "{671EAB81-F123-41B5-A8F1-2841E498F133}"
EndProject
Project("{FAE04EC0-301F-11D3-BF4B-00C04F79EFBC}") = "eAgenda.ConsoleApp", "eAgenda.ConsoleApp\eAgenda.ConsoleApp.csproj", "{409EA56C-DC48-41AF-BF29-0C792BDE9F50}"
EndProject
Project("{2150E333-8FDC-42A3-9474-1A3956D46DE8}") = "4. Testes", "4. Testes", "{38AD65B0-050C-4C4B-9156-B7C9496D49A5}"
EndProject
Project("{2150E333-8FDC-42A3-9474-1A3956D46DE8}") = "4.1 Unitarios", "4.1 Unitarios", "{2A38EAB3-4C4F-43F1-B620-5656CC4F38A9}"
EndProject
Project("{FAE04EC0-301F-11D3-BF4B-00C04F79EFBC}") = "eAgenda_Teste_Unitario", "eAgenda_Teste_Unitario\eAgenda_Teste_Unitario.csproj", "{92B1D9BC-B038-4EAB-B38C-C10757811EA3}"
EndProject
Global
	GlobalSection(SolutionConfigurationPlatforms) = preSolution
		Debug|Any CPU = Debug|Any CPU
		Release|Any CPU = Release|Any CPU
	EndGlobalSection
	GlobalSection(ProjectConfigurationPlatforms) = postSolution
		{49AABF59-6809-45CC-9B28-C60A26A17350}.Debug|Any CPU.ActiveCfg = Debug|Any CPU
		{49AABF59-6809-45CC-9B28-C60A26A17350}.Debug|Any CPU.Build.0 = Debug|Any CPU
		{49AABF59-6809-45CC-9B28-C60A26A17350}.Release|Any CPU.ActiveCfg = Release|Any CPU
		{49AABF59-6809-45CC-9B28-C60A26A17350}.Release|Any CPU.Build.0 = Release|Any CPU
		{6AF56113-9A01-407B-A75D-BC433958EABA}.Debug|Any CPU.ActiveCfg = Debug|Any CPU
		{6AF56113-9A01-407B-A75D-BC433958EABA}.Debug|Any CPU.Build.0 = Debug|Any CPU
		{6AF56113-9A01-407B-A75D-BC433958EABA}.Release|Any CPU.ActiveCfg = Release|Any CPU
		{6AF56113-9A01-407B-A75D-BC433958EABA}.Release|Any CPU.Build.0 = Release|Any CPU
		{671EAB81-F123-41B5-A8F1-2841E498F133}.Debug|Any CPU.ActiveCfg = Debug|Any CPU
		{671EAB81-F123-41B5-A8F1-2841E498F133}.Debug|Any CPU.Build.0 = Debug|Any CPU
		{671EAB81-F123-41B5-A8F1-2841E498F133}.Release|Any CPU.ActiveCfg = Release|Any CPU
		{671EAB81-F123-41B5-A8F1-2841E498F133}.Release|Any CPU.Build.0 = Release|Any CPU
		{409EA56C-DC48-41AF-BF29-0C792BDE9F50}.Debug|Any CPU.ActiveCfg = Debug|Any CPU
		{409EA56C-DC48-41AF-BF29-0C792BDE9F50}.Debug|Any CPU.Build.0 = Debug|Any CPU
		{409EA56C-DC48-41AF-BF29-0C792BDE9F50}.Release|Any CPU.ActiveCfg = Release|Any CPU
		{409EA56C-DC48-41AF-BF29-0C792BDE9F50}.Release|Any CPU.Build.0 = Release|Any CPU
		{92B1D9BC-B038-4EAB-B38C-C10757811EA3}.Debug|Any CPU.ActiveCfg = Debug|Any CPU
		{92B1D9BC-B038-4EAB-B38C-C10757811EA3}.Debug|Any CPU.Build.0 = Debug|Any CPU
		{92B1D9BC-B038-4EAB-B38C-C10757811EA3}.Release|Any CPU.ActiveCfg = Release|Any CPU
		{92B1D9BC-B038-4EAB-B38C-C10757811EA3}.Release|Any CPU.Build.0 = Release|Any CPU
	EndGlobalSection
	GlobalSection(SolutionProperties) = preSolution
		HideSolutionNode = FALSE
	EndGlobalSection
	GlobalSection(NestedProjects) = preSolution
		{6AF56113-9A01-407B-A75D-BC433958EABA} = {C69314FC-47ED-42FF-9E0B-ECDA2EBB3ABE}
		{671EAB81-F123-41B5-A8F1-2841E498F133} = {6678B92D-80A2-481C-A60B-4936672E6773}
		{409EA56C-DC48-41AF-BF29-0C792BDE9F50} = {C6FC95E9-9A79-4F06-A72E-FC17A9A38196}
		{2A38EAB3-4C4F-43F1-B620-5656CC4F38A9} = {38AD65B0-050C-4C4B-9156-B7C9496D49A5}
		{92B1D9BC-B038-4EAB-B38C-C10757811EA3} = {2A38EAB3-4C4F-43F1-B620-5656CC4F38A9}
	EndGlobalSection
	GlobalSection(ExtensibilityGlobals) = postSolution
		SolutionGuid = {5FA7A44A-C14D-4A92-8383-C55D27A016C9}
	EndGlobalSection
EndGlobal
